
Microsoft Visual Studio Solution File, Format Version 12.00
# Visual Studio 2017
Project("{FAE04EC0-301F-11D3-BF4B-00C04F79EFBC}") = "LizardmanVsZuckerborgVsUSArmy", "LizardmanVsZuckerborgVsUSArmy.csproj", "{29525385-A580-F2B4-E5C7-16C3FCDE86EB}"
EndProject
Global
	GlobalSection(SolutionConfigurationPlatforms) = preSolution
		Debug|Any CPU = Debug|Any CPU
		Release|Any CPU = Release|Any CPU
	EndGlobalSection
	GlobalSection(ProjectConfigurationPlatforms) = postSolution
		{29525385-A580-F2B4-E5C7-16C3FCDE86EB}.Debug|Any CPU.ActiveCfg = Debug|Any CPU
		{29525385-A580-F2B4-E5C7-16C3FCDE86EB}.Debug|Any CPU.Build.0 = Debug|Any CPU
		{29525385-A580-F2B4-E5C7-16C3FCDE86EB}.Release|Any CPU.ActiveCfg = Release|Any CPU
		{29525385-A580-F2B4-E5C7-16C3FCDE86EB}.Release|Any CPU.Build.0 = Release|Any CPU
	EndGlobalSection
	GlobalSection(SolutionProperties) = preSolution
		HideSolutionNode = FALSE
	EndGlobalSection
EndGlobal
